
Microsoft Visual Studio Solution File, Format Version 12.00
# Visual Studio 14
VisualStudioVersion = 14.0.25420.1
MinimumVisualStudioVersion = 10.0.40219.1
Project("{FAE04EC0-301F-11D3-BF4B-00C04F79EFBC}") = "aoMenuing5", "menuing\aoMenuing5.csproj", "{9B5CECD5-E867-484C-8636-BA26C76709B8}"
EndProject
Project("{F184B08F-C81C-45F6-A57F-5ABD9991F28F}") = "xmenuingVb", "menuingVb\xmenuingVb.vbproj", "{21A522B9-293A-4AFF-92F0-00D6AD214C38}"
EndProject
Global
	GlobalSection(SolutionConfigurationPlatforms) = preSolution
		Debug|Any CPU = Debug|Any CPU
		Release|Any CPU = Release|Any CPU
	EndGlobalSection
	GlobalSection(ProjectConfigurationPlatforms) = postSolution
		{9B5CECD5-E867-484C-8636-BA26C76709B8}.Debug|Any CPU.ActiveCfg = Debug|Any CPU
		{9B5CECD5-E867-484C-8636-BA26C76709B8}.Debug|Any CPU.Build.0 = Debug|Any CPU
		{9B5CECD5-E867-484C-8636-BA26C76709B8}.Release|Any CPU.ActiveCfg = Release|Any CPU
		{9B5CECD5-E867-484C-8636-BA26C76709B8}.Release|Any CPU.Build.0 = Release|Any CPU
		{21A522B9-293A-4AFF-92F0-00D6AD214C38}.Debug|Any CPU.ActiveCfg = Debug|Any CPU
		{21A522B9-293A-4AFF-92F0-00D6AD214C38}.Debug|Any CPU.Build.0 = Debug|Any CPU
		{21A522B9-293A-4AFF-92F0-00D6AD214C38}.Release|Any CPU.ActiveCfg = Release|Any CPU
		{21A522B9-293A-4AFF-92F0-00D6AD214C38}.Release|Any CPU.Build.0 = Release|Any CPU
	EndGlobalSection
	GlobalSection(SolutionProperties) = preSolution
		HideSolutionNode = FALSE
	EndGlobalSection
EndGlobal
